// !$*UTF8*$!
{
	archiveVersion = 1;
	classes = {
	};
	objectVersion = 52;
	objects = {

/* Begin PBXBuildFile section */
		9D0C24DF25D07FEA008F93CD /* HomeManagerView.swift in Sources */ = {isa = PBXBuildFile; fileRef = 9D0C24DE25D07FEA008F93CD /* HomeManagerView.swift */; };
		9D0C24E125D08177008F93CD /* FindVetView.swift in Sources */ = {isa = PBXBuildFile; fileRef = 9D0C24E025D08177008F93CD /* FindVetView.swift */; };
		9D0C24E325D08181008F93CD /* SettingsView.swift in Sources */ = {isa = PBXBuildFile; fileRef = 9D0C24E225D08181008F93CD /* SettingsView.swift */; };
		9D0C24E525D081B4008F93CD /* EventListView.swift in Sources */ = {isa = PBXBuildFile; fileRef = 9D0C24E425D081B4008F93CD /* EventListView.swift */; };
		9D1D472F28D6340B0079175C /* PrivacyPolicyView.swift in Sources */ = {isa = PBXBuildFile; fileRef = 9D1D472E28D6340B0079175C /* PrivacyPolicyView.swift */; };
		9D279843257ABE710078B668 /* IndicatorView.swift in Sources */ = {isa = PBXBuildFile; fileRef = 9D279842257ABE710078B668 /* IndicatorView.swift */; };
		9D279849257ABFDD0078B668 /* HomeView.swift in Sources */ = {isa = PBXBuildFile; fileRef = 9D279848257ABFDD0078B668 /* HomeView.swift */; };
		9D34019026DA7392005822DA /* NotificationManager.swift in Sources */ = {isa = PBXBuildFile; fileRef = 9D34018D26DA7392005822DA /* NotificationManager.swift */; };
		9D34019226DA7392005822DA /* DailyFeedChecker.swift in Sources */ = {isa = PBXBuildFile; fileRef = 9D34018F26DA7392005822DA /* DailyFeedChecker.swift */; };
		9D34019526DA7950005822DA /* PetListView.swift in Sources */ = {isa = PBXBuildFile; fileRef = 9D34019426DA7950005822DA /* PetListView.swift */; };
		9D34019726DA7AAD005822DA /* PetChangeView.swift in Sources */ = {isa = PBXBuildFile; fileRef = 9D34019626DA7AAD005822DA /* PetChangeView.swift */; };
		9D44ACC8279C5FAA007EB5B6 /* Extensions.swift in Sources */ = {isa = PBXBuildFile; fileRef = 9D44ACC7279C5FAA007EB5B6 /* Extensions.swift */; };
		9D44ACCA279C6154007EB5B6 /* Enums.swift in Sources */ = {isa = PBXBuildFile; fileRef = 9D44ACC9279C6154007EB5B6 /* Enums.swift */; };
		9D44ACCC279C74E9007EB5B6 /* NotificationView.swift in Sources */ = {isa = PBXBuildFile; fileRef = 9D44ACCB279C74E9007EB5B6 /* NotificationView.swift */; };
		9D708A6D2569640E00A89ACB /* Persistence.swift in Sources */ = {isa = PBXBuildFile; fileRef = 9D708A6C2569640E00A89ACB /* Persistence.swift */; };
		9D70F67326B4B6BC007D37EF /* PetDetailView.swift in Sources */ = {isa = PBXBuildFile; fileRef = 9D70F67226B4B6BC007D37EF /* PetDetailView.swift */; };
		9D71CEF4248836BD00AA1458 /* CloudKit.framework in Frameworks */ = {isa = PBXBuildFile; fileRef = 9D71CEF3248836BD00AA1458 /* CloudKit.framework */; };
		9D7283BE26ECE2B5001BDDD5 /* DataManager.swift in Sources */ = {isa = PBXBuildFile; fileRef = 9D7283BD26ECE2B5001BDDD5 /* DataManager.swift */; };
		9D73AAD526ECFCD1002DFFD1 /* AddEventView.swift in Sources */ = {isa = PBXBuildFile; fileRef = 9D73AAD426ECFCD1002DFFD1 /* AddEventView.swift */; };
		9D73AAD726ECFEFC002DFFD1 /* EventsView.swift in Sources */ = {isa = PBXBuildFile; fileRef = 9D73AAD626ECFEFC002DFFD1 /* EventsView.swift */; };
		9D845D0529698D800032063C /* VaccineHistoryView.swift in Sources */ = {isa = PBXBuildFile; fileRef = 9D845D0429698D800032063C /* VaccineHistoryView.swift */; };
		9D845D0829699C3F0032063C /* AlertKit in Frameworks */ = {isa = PBXBuildFile; productRef = 9D845D0729699C3F0032063C /* AlertKit */; };
		9D849050277748CB005EAC5B /* DonateView.swift in Sources */ = {isa = PBXBuildFile; fileRef = 9D84904F277748CB005EAC5B /* DonateView.swift */; };
		9D87C5AB26C9668D006BEF59 /* MainView.swift in Sources */ = {isa = PBXBuildFile; fileRef = 9D87C5AA26C9668D006BEF59 /* MainView.swift */; };
		9D8970A525681E9400B3C414 /* PetReminderApp.swift in Sources */ = {isa = PBXBuildFile; fileRef = 9D8970A425681E9300B3C414 /* PetReminderApp.swift */; };
		9D8970EE2568394700B3C414 /* PetReminder.xcdatamodeld in Sources */ = {isa = PBXBuildFile; fileRef = 9D8970EC2568394700B3C414 /* PetReminder.xcdatamodeld */; };
		9D8A0586271329F600BF5F32 /* StoreConfiguration.storekit in Resources */ = {isa = PBXBuildFile; fileRef = 9D8A0585271329F600BF5F32 /* StoreConfiguration.storekit */; };
		9D8E76FB248666C1004610C8 /* Assets.xcassets in Resources */ = {isa = PBXBuildFile; fileRef = 9D8E76FA248666C1004610C8 /* Assets.xcassets */; };
		9D8E76FE248666C1004610C8 /* Preview Assets.xcassets in Resources */ = {isa = PBXBuildFile; fileRef = 9D8E76FD248666C1004610C8 /* Preview Assets.xcassets */; };
		9D98B13C28D606460018C7A6 /* EventManager.swift in Sources */ = {isa = PBXBuildFile; fileRef = 9D98B13B28D606460018C7A6 /* EventManager.swift */; };
		9D98B13F28D606F70018C7A6 /* PhotoImagePickerView.swift in Sources */ = {isa = PBXBuildFile; fileRef = 9D98B13E28D606F70018C7A6 /* PhotoImagePickerView.swift */; };
		9D98B14128D60FFF0018C7A6 /* MapWithSearchBarView.swift in Sources */ = {isa = PBXBuildFile; fileRef = 9D98B14028D60FFF0018C7A6 /* MapWithSearchBarView.swift */; };
		9D9F55392905711D007E014B /* FeedHistory.swift in Sources */ = {isa = PBXBuildFile; fileRef = 9D9F55382905711D007E014B /* FeedHistory.swift */; };
		9D9F59B325E18228007672E8 /* HelloView.swift in Sources */ = {isa = PBXBuildFile; fileRef = 9D9F59B225E18228007672E8 /* HelloView.swift */; };
		9DAC8B5325E6F36500CA28DF /* VetViewModel.swift in Sources */ = {isa = PBXBuildFile; fileRef = 9DAC8B5225E6F36500CA28DF /* VetViewModel.swift */; };
		9DADDF6927821591000943AE /* PetCell.swift in Sources */ = {isa = PBXBuildFile; fileRef = 9DADDF6827821591000943AE /* PetCell.swift */; };
		9DB0E0522778BC870089E9B0 /* ESImageView.swift in Sources */ = {isa = PBXBuildFile; fileRef = 9DB0E0512778BC870089E9B0 /* ESImageView.swift */; };
		9DB0E0542778BF680089E9B0 /* EveningCheckboxView.swift in Sources */ = {isa = PBXBuildFile; fileRef = 9DB0E0532778BF680089E9B0 /* EveningCheckboxView.swift */; };
		9DB0E0562778BF9B0089E9B0 /* MorningCheckboxView.swift in Sources */ = {isa = PBXBuildFile; fileRef = 9DB0E0552778BF9B0089E9B0 /* MorningCheckboxView.swift */; };
		9DC1B9C7264EC81A00F8561A /* PetManager.swift in Sources */ = {isa = PBXBuildFile; fileRef = 9DC1B9C6264EC81A00F8561A /* PetManager.swift */; };
		9DC1B9CA264ED3D000F8561A /* NextButton.swift in Sources */ = {isa = PBXBuildFile; fileRef = 9DC1B9C9264ED3D000F8561A /* NextButton.swift */; };
		9DC8262526FF690100EA2423 /* StoreKit.framework in Frameworks */ = {isa = PBXBuildFile; fileRef = 9DC8262426FF690100EA2423 /* StoreKit.framework */; };
		9DC8262726FF697200EA2423 /* StoreManager.swift in Sources */ = {isa = PBXBuildFile; fileRef = 9DC8262626FF697200EA2423 /* StoreManager.swift */; };
		9DC849F828CB954A00776197 /* AddPetView.swift in Sources */ = {isa = PBXBuildFile; fileRef = 9DC849F728CB954A00776197 /* AddPetView.swift */; };
		9DCDA06126E3C34600DF290F /* Pin.swift in Sources */ = {isa = PBXBuildFile; fileRef = 9DCDA06026E3C34600DF290F /* Pin.swift */; };
		9DCDA06326E3C72400DF290F /* EventView.swift in Sources */ = {isa = PBXBuildFile; fileRef = 9DCDA06226E3C72400DF290F /* EventView.swift */; };
		9DCDA06526E3C84000DF290F /* EmptyEventView.swift in Sources */ = {isa = PBXBuildFile; fileRef = 9DCDA06426E3C84000DF290F /* EmptyEventView.swift */; };
		9DD754A2278266FA002E2768 /* ESEventDetailView.swift in Sources */ = {isa = PBXBuildFile; fileRef = 9DD754A1278266FA002E2768 /* ESEventDetailView.swift */; };
		9DFEE1CD278A150400A41340 /* Localizable.strings in Resources */ = {isa = PBXBuildFile; fileRef = 9DFEE1CF278A150400A41340 /* Localizable.strings */; };
		9DFF73EE248B9BB5004B4901 /* ImagePickerView.swift in Sources */ = {isa = PBXBuildFile; fileRef = 9DFF73ED248B9BB5004B4901 /* ImagePickerView.swift */; };
/* End PBXBuildFile section */

/* Begin PBXFileReference section */
		9D0C24DE25D07FEA008F93CD /* HomeManagerView.swift */ = {isa = PBXFileReference; lastKnownFileType = sourcecode.swift; path = HomeManagerView.swift; sourceTree = "<group>"; };
		9D0C24E025D08177008F93CD /* FindVetView.swift */ = {isa = PBXFileReference; lastKnownFileType = sourcecode.swift; path = FindVetView.swift; sourceTree = "<group>"; };
		9D0C24E225D08181008F93CD /* SettingsView.swift */ = {isa = PBXFileReference; lastKnownFileType = sourcecode.swift; path = SettingsView.swift; sourceTree = "<group>"; };
		9D0C24E425D081B4008F93CD /* EventListView.swift */ = {isa = PBXFileReference; lastKnownFileType = sourcecode.swift; path = EventListView.swift; sourceTree = "<group>"; };
		9D1D472E28D6340B0079175C /* PrivacyPolicyView.swift */ = {isa = PBXFileReference; lastKnownFileType = sourcecode.swift; path = PrivacyPolicyView.swift; sourceTree = "<group>"; };
		9D279842257ABE710078B668 /* IndicatorView.swift */ = {isa = PBXFileReference; lastKnownFileType = sourcecode.swift; path = IndicatorView.swift; sourceTree = "<group>"; };
		9D279848257ABFDD0078B668 /* HomeView.swift */ = {isa = PBXFileReference; lastKnownFileType = sourcecode.swift; path = HomeView.swift; sourceTree = "<group>"; };
		9D34018D26DA7392005822DA /* NotificationManager.swift */ = {isa = PBXFileReference; fileEncoding = 4; lastKnownFileType = sourcecode.swift; path = NotificationManager.swift; sourceTree = "<group>"; };
		9D34018F26DA7392005822DA /* DailyFeedChecker.swift */ = {isa = PBXFileReference; fileEncoding = 4; lastKnownFileType = sourcecode.swift; path = DailyFeedChecker.swift; sourceTree = "<group>"; };
		9D34019426DA7950005822DA /* PetListView.swift */ = {isa = PBXFileReference; lastKnownFileType = sourcecode.swift; path = PetListView.swift; sourceTree = "<group>"; };
		9D34019626DA7AAD005822DA /* PetChangeView.swift */ = {isa = PBXFileReference; lastKnownFileType = sourcecode.swift; path = PetChangeView.swift; sourceTree = "<group>"; };
		9D44ACC7279C5FAA007EB5B6 /* Extensions.swift */ = {isa = PBXFileReference; lastKnownFileType = sourcecode.swift; path = Extensions.swift; sourceTree = "<group>"; };
		9D44ACC9279C6154007EB5B6 /* Enums.swift */ = {isa = PBXFileReference; lastKnownFileType = sourcecode.swift; path = Enums.swift; sourceTree = "<group>"; };
		9D44ACCB279C74E9007EB5B6 /* NotificationView.swift */ = {isa = PBXFileReference; lastKnownFileType = sourcecode.swift; path = NotificationView.swift; sourceTree = "<group>"; };
		9D708A6C2569640E00A89ACB /* Persistence.swift */ = {isa = PBXFileReference; lastKnownFileType = sourcecode.swift; path = Persistence.swift; sourceTree = "<group>"; };
		9D70F67226B4B6BC007D37EF /* PetDetailView.swift */ = {isa = PBXFileReference; lastKnownFileType = sourcecode.swift; path = PetDetailView.swift; sourceTree = "<group>"; };
		9D71CEF1248836B000AA1458 /* Pet Reminder.entitlements */ = {isa = PBXFileReference; lastKnownFileType = text.plist.entitlements; path = "Pet Reminder.entitlements"; sourceTree = "<group>"; };
		9D71CEF3248836BD00AA1458 /* CloudKit.framework */ = {isa = PBXFileReference; lastKnownFileType = wrapper.framework; name = CloudKit.framework; path = System/Library/Frameworks/CloudKit.framework; sourceTree = SDKROOT; };
		9D7283BD26ECE2B5001BDDD5 /* DataManager.swift */ = {isa = PBXFileReference; lastKnownFileType = sourcecode.swift; path = DataManager.swift; sourceTree = "<group>"; };
		9D73AAD426ECFCD1002DFFD1 /* AddEventView.swift */ = {isa = PBXFileReference; lastKnownFileType = sourcecode.swift; path = AddEventView.swift; sourceTree = "<group>"; };
		9D73AAD626ECFEFC002DFFD1 /* EventsView.swift */ = {isa = PBXFileReference; lastKnownFileType = sourcecode.swift; path = EventsView.swift; sourceTree = "<group>"; };
		9D845D0429698D800032063C /* VaccineHistoryView.swift */ = {isa = PBXFileReference; lastKnownFileType = sourcecode.swift; path = VaccineHistoryView.swift; sourceTree = "<group>"; };
		9D84904F277748CB005EAC5B /* DonateView.swift */ = {isa = PBXFileReference; lastKnownFileType = sourcecode.swift; path = DonateView.swift; sourceTree = "<group>"; };
		9D87C5AA26C9668D006BEF59 /* MainView.swift */ = {isa = PBXFileReference; lastKnownFileType = sourcecode.swift; path = MainView.swift; sourceTree = "<group>"; };
		9D8970A425681E9300B3C414 /* PetReminderApp.swift */ = {isa = PBXFileReference; lastKnownFileType = sourcecode.swift; path = PetReminderApp.swift; sourceTree = "<group>"; };
		9D8970ED2568394700B3C414 /* PetReminder.xcdatamodel */ = {isa = PBXFileReference; lastKnownFileType = wrapper.xcdatamodel; path = PetReminder.xcdatamodel; sourceTree = "<group>"; };
		9D8A0585271329F600BF5F32 /* StoreConfiguration.storekit */ = {isa = PBXFileReference; lastKnownFileType = text; path = StoreConfiguration.storekit; sourceTree = "<group>"; };
		9D8E76EE248666BD004610C8 /* Pet Reminder.app */ = {isa = PBXFileReference; explicitFileType = wrapper.application; includeInIndex = 0; path = "Pet Reminder.app"; sourceTree = BUILT_PRODUCTS_DIR; };
		9D8E76FA248666C1004610C8 /* Assets.xcassets */ = {isa = PBXFileReference; lastKnownFileType = folder.assetcatalog; path = Assets.xcassets; sourceTree = "<group>"; };
		9D8E76FD248666C1004610C8 /* Preview Assets.xcassets */ = {isa = PBXFileReference; lastKnownFileType = folder.assetcatalog; path = "Preview Assets.xcassets"; sourceTree = "<group>"; };
		9D8E7702248666C1004610C8 /* Info.plist */ = {isa = PBXFileReference; lastKnownFileType = text.plist.xml; path = Info.plist; sourceTree = "<group>"; };
		9D98B13B28D606460018C7A6 /* EventManager.swift */ = {isa = PBXFileReference; fileEncoding = 4; lastKnownFileType = sourcecode.swift; path = EventManager.swift; sourceTree = "<group>"; };
		9D98B13E28D606F70018C7A6 /* PhotoImagePickerView.swift */ = {isa = PBXFileReference; lastKnownFileType = sourcecode.swift; path = PhotoImagePickerView.swift; sourceTree = "<group>"; };
		9D98B14028D60FFF0018C7A6 /* MapWithSearchBarView.swift */ = {isa = PBXFileReference; lastKnownFileType = sourcecode.swift; path = MapWithSearchBarView.swift; sourceTree = "<group>"; };
		9D9F55382905711D007E014B /* FeedHistory.swift */ = {isa = PBXFileReference; lastKnownFileType = sourcecode.swift; path = FeedHistory.swift; sourceTree = "<group>"; };
		9D9F59B225E18228007672E8 /* HelloView.swift */ = {isa = PBXFileReference; fileEncoding = 4; lastKnownFileType = sourcecode.swift; path = HelloView.swift; sourceTree = "<group>"; };
		9DAC8B5225E6F36500CA28DF /* VetViewModel.swift */ = {isa = PBXFileReference; lastKnownFileType = sourcecode.swift; path = VetViewModel.swift; sourceTree = "<group>"; };
		9DADDF6827821591000943AE /* PetCell.swift */ = {isa = PBXFileReference; lastKnownFileType = sourcecode.swift; path = PetCell.swift; sourceTree = "<group>"; };
		9DB0E0512778BC870089E9B0 /* ESImageView.swift */ = {isa = PBXFileReference; lastKnownFileType = sourcecode.swift; path = ESImageView.swift; sourceTree = "<group>"; };
		9DB0E0532778BF680089E9B0 /* EveningCheckboxView.swift */ = {isa = PBXFileReference; lastKnownFileType = sourcecode.swift; path = EveningCheckboxView.swift; sourceTree = "<group>"; };
		9DB0E0552778BF9B0089E9B0 /* MorningCheckboxView.swift */ = {isa = PBXFileReference; lastKnownFileType = sourcecode.swift; path = MorningCheckboxView.swift; sourceTree = "<group>"; };
		9DC1B9C6264EC81A00F8561A /* PetManager.swift */ = {isa = PBXFileReference; lastKnownFileType = sourcecode.swift; path = PetManager.swift; sourceTree = "<group>"; };
		9DC1B9C9264ED3D000F8561A /* NextButton.swift */ = {isa = PBXFileReference; lastKnownFileType = sourcecode.swift; path = NextButton.swift; sourceTree = "<group>"; };
		9DC8262426FF690100EA2423 /* StoreKit.framework */ = {isa = PBXFileReference; lastKnownFileType = wrapper.framework; name = StoreKit.framework; path = System/Library/Frameworks/StoreKit.framework; sourceTree = SDKROOT; };
		9DC8262626FF697200EA2423 /* StoreManager.swift */ = {isa = PBXFileReference; lastKnownFileType = sourcecode.swift; path = StoreManager.swift; sourceTree = "<group>"; };
		9DC849F728CB954A00776197 /* AddPetView.swift */ = {isa = PBXFileReference; lastKnownFileType = sourcecode.swift; path = AddPetView.swift; sourceTree = "<group>"; };
		9DCDA06026E3C34600DF290F /* Pin.swift */ = {isa = PBXFileReference; lastKnownFileType = sourcecode.swift; path = Pin.swift; sourceTree = "<group>"; };
		9DCDA06226E3C72400DF290F /* EventView.swift */ = {isa = PBXFileReference; lastKnownFileType = sourcecode.swift; path = EventView.swift; sourceTree = "<group>"; };
		9DCDA06426E3C84000DF290F /* EmptyEventView.swift */ = {isa = PBXFileReference; lastKnownFileType = sourcecode.swift; path = EmptyEventView.swift; sourceTree = "<group>"; };
		9DD754A1278266FA002E2768 /* ESEventDetailView.swift */ = {isa = PBXFileReference; lastKnownFileType = sourcecode.swift; path = ESEventDetailView.swift; sourceTree = "<group>"; };
		9DFEE1CE278A150400A41340 /* en */ = {isa = PBXFileReference; lastKnownFileType = text.plist.strings; name = en; path = en.lproj/Localizable.strings; sourceTree = "<group>"; };
		9DFEE1D0278A150600A41340 /* tr */ = {isa = PBXFileReference; lastKnownFileType = text.plist.strings; name = tr; path = tr.lproj/Localizable.strings; sourceTree = "<group>"; };
		9DFF73ED248B9BB5004B4901 /* ImagePickerView.swift */ = {isa = PBXFileReference; lastKnownFileType = sourcecode.swift; path = ImagePickerView.swift; sourceTree = "<group>"; };
/* End PBXFileReference section */

/* Begin PBXFrameworksBuildPhase section */
		9D8E76EB248666BD004610C8 /* Frameworks */ = {
			isa = PBXFrameworksBuildPhase;
			buildActionMask = 2147483647;
			files = (
				9D71CEF4248836BD00AA1458 /* CloudKit.framework in Frameworks */,
				9DC8262526FF690100EA2423 /* StoreKit.framework in Frameworks */,
				9D845D0829699C3F0032063C /* AlertKit in Frameworks */,
			);
			runOnlyForDeploymentPostprocessing = 0;
		};
/* End PBXFrameworksBuildPhase section */

/* Begin PBXGroup section */
		9D2EF8F926C410C7009048C4 /* Custom Views */ = {
			isa = PBXGroup;
			children = (
				9DCDA06826E3C94100DF290F /* Views */,
				9DC1B9C8264ED3C000F8561A /* View Styles */,
				9D87C5A526C95452006BEF59 /* View Representables */,
			);
			path = "Custom Views";
			sourceTree = "<group>";
		};
		9D34018C26DA7392005822DA /* Helper Classes */ = {
			isa = PBXGroup;
			children = (
				9D44ACC7279C5FAA007EB5B6 /* Extensions.swift */,
				9D44ACC9279C6154007EB5B6 /* Enums.swift */,
			);
			path = "Helper Classes";
			sourceTree = "<group>";
		};
		9D71CEF2248836BD00AA1458 /* Frameworks */ = {
			isa = PBXGroup;
			children = (
				9DC8262426FF690100EA2423 /* StoreKit.framework */,
				9D71CEF3248836BD00AA1458 /* CloudKit.framework */,
			);
			name = Frameworks;
			sourceTree = "<group>";
		};
		9D87C5A526C95452006BEF59 /* View Representables */ = {
			isa = PBXGroup;
			children = (
				9DFF73ED248B9BB5004B4901 /* ImagePickerView.swift */,
				9DD754A1278266FA002E2768 /* ESEventDetailView.swift */,
				9D279842257ABE710078B668 /* IndicatorView.swift */,
			);
			path = "View Representables";
			sourceTree = "<group>";
		};
		9D8E76E5248666BD004610C8 = {
			isa = PBXGroup;
			children = (
				9D71CEF2248836BD00AA1458 /* Frameworks */,
				9D8E76F0248666BD004610C8 /* Pet Reminder */,
				9D8E76EF248666BD004610C8 /* Products */,
			);
			sourceTree = "<group>";
		};
		9D8E76EF248666BD004610C8 /* Products */ = {
			isa = PBXGroup;
			children = (
				9D8E76EE248666BD004610C8 /* Pet Reminder.app */,
			);
			name = Products;
			sourceTree = "<group>";
		};
		9D8E76F0248666BD004610C8 /* Pet Reminder */ = {
			isa = PBXGroup;
			children = (
				9D98B13D28D606570018C7A6 /* Managers */,
				9D98B13A28D606460018C7A6 /* Views */,
				9D2EF8F926C410C7009048C4 /* Custom Views */,
				9D34018C26DA7392005822DA /* Helper Classes */,
				9DFF73F2248BAD7F004B4901 /* Models */,
				9DFF73F5248BADBD004B4901 /* Strings */,
				9DFF73F4248BADB2004B4901 /* Utilities */,
				9D8E76FC248666C1004610C8 /* Preview Content */,
			);
			path = "Pet Reminder";
			sourceTree = "<group>";
		};
		9D8E76FC248666C1004610C8 /* Preview Content */ = {
			isa = PBXGroup;
			children = (
				9D8E76FD248666C1004610C8 /* Preview Assets.xcassets */,
			);
			path = "Preview Content";
			sourceTree = "<group>";
		};
		9D98B13A28D606460018C7A6 /* Views */ = {
			isa = PBXGroup;
			children = (
				9DCDA05426E3BE2D00DF290F /* Setup */,
				9DCDA05626E3BFE800DF290F /* Home */,
				9D9F59B125E18228007672E8 /* Intro */,
			);
			path = Views;
			sourceTree = "<group>";
		};
		9D98B13D28D606570018C7A6 /* Managers */ = {
			isa = PBXGroup;
			children = (
				9D34018F26DA7392005822DA /* DailyFeedChecker.swift */,
				9D7283BD26ECE2B5001BDDD5 /* DataManager.swift */,
				9DC8262626FF697200EA2423 /* StoreManager.swift */,
				9D34018D26DA7392005822DA /* NotificationManager.swift */,
				9D98B13B28D606460018C7A6 /* EventManager.swift */,
				9DAC8B5225E6F36500CA28DF /* VetViewModel.swift */,
			);
			path = Managers;
			sourceTree = "<group>";
		};
		9D9F59B125E18228007672E8 /* Intro */ = {
			isa = PBXGroup;
			children = (
				9D9F59B225E18228007672E8 /* HelloView.swift */,
			);
			path = Intro;
			sourceTree = "<group>";
		};
		9DC1B9C8264ED3C000F8561A /* View Styles */ = {
			isa = PBXGroup;
			children = (
				9DC1B9C9264ED3D000F8561A /* NextButton.swift */,
			);
			path = "View Styles";
			sourceTree = "<group>";
		};
		9DCDA05426E3BE2D00DF290F /* Setup */ = {
			isa = PBXGroup;
			children = (
				9DC849F728CB954A00776197 /* AddPetView.swift */,
			);
			path = Setup;
			sourceTree = "<group>";
		};
		9DCDA05626E3BFE800DF290F /* Home */ = {
			isa = PBXGroup;
			children = (
				9D87C5AA26C9668D006BEF59 /* MainView.swift */,
				9D0C24DE25D07FEA008F93CD /* HomeManagerView.swift */,
				9DCDA05B26E3C00F00DF290F /* Events */,
				9DCDA05A26E3C00A00DF290F /* Settings */,
				9DCDA05926E3BFFF00DF290F /* Find Vet */,
				9DCDA05726E3BFEE00DF290F /* Pet List */,
			);
			path = Home;
			sourceTree = "<group>";
		};
		9DCDA05726E3BFEE00DF290F /* Pet List */ = {
			isa = PBXGroup;
			children = (
				9D70F67226B4B6BC007D37EF /* PetDetailView.swift */,
				9D9F55382905711D007E014B /* FeedHistory.swift */,
				9D845D0429698D800032063C /* VaccineHistoryView.swift */,
				9D279848257ABFDD0078B668 /* HomeView.swift */,
				9DADDF6827821591000943AE /* PetCell.swift */,
			);
			path = "Pet List";
			sourceTree = "<group>";
		};
		9DCDA05926E3BFFF00DF290F /* Find Vet */ = {
			isa = PBXGroup;
			children = (
				9D0C24E025D08177008F93CD /* FindVetView.swift */,
				9D98B14028D60FFF0018C7A6 /* MapWithSearchBarView.swift */,
			);
			path = "Find Vet";
			sourceTree = "<group>";
		};
		9DCDA05A26E3C00A00DF290F /* Settings */ = {
			isa = PBXGroup;
			children = (
				9D0C24E225D08181008F93CD /* SettingsView.swift */,
				9D1D472E28D6340B0079175C /* PrivacyPolicyView.swift */,
				9D44ACCB279C74E9007EB5B6 /* NotificationView.swift */,
				9D84904F277748CB005EAC5B /* DonateView.swift */,
				9D34019426DA7950005822DA /* PetListView.swift */,
				9D34019626DA7AAD005822DA /* PetChangeView.swift */,
			);
			path = Settings;
			sourceTree = "<group>";
		};
		9DCDA05B26E3C00F00DF290F /* Events */ = {
			isa = PBXGroup;
			children = (
				9D0C24E425D081B4008F93CD /* EventListView.swift */,
				9D73AAD626ECFEFC002DFFD1 /* EventsView.swift */,
				9D73AAD426ECFCD1002DFFD1 /* AddEventView.swift */,
				9DCDA06426E3C84000DF290F /* EmptyEventView.swift */,
				9DCDA06226E3C72400DF290F /* EventView.swift */,
			);
			path = Events;
			sourceTree = "<group>";
		};
		9DCDA06826E3C94100DF290F /* Views */ = {
			isa = PBXGroup;
			children = (
				9DB0E0512778BC870089E9B0 /* ESImageView.swift */,
				9DB0E0532778BF680089E9B0 /* EveningCheckboxView.swift */,
				9DB0E0552778BF9B0089E9B0 /* MorningCheckboxView.swift */,
				9D98B13E28D606F70018C7A6 /* PhotoImagePickerView.swift */,
			);
			path = Views;
			sourceTree = "<group>";
		};
		9DFF73F2248BAD7F004B4901 /* Models */ = {
			isa = PBXGroup;
			children = (
				9DC1B9C6264EC81A00F8561A /* PetManager.swift */,
				9DCDA06026E3C34600DF290F /* Pin.swift */,
			);
			path = Models;
			sourceTree = "<group>";
		};
		9DFF73F4248BADB2004B4901 /* Utilities */ = {
			isa = PBXGroup;
			children = (
				9D708A6C2569640E00A89ACB /* Persistence.swift */,
				9D71CEF1248836B000AA1458 /* Pet Reminder.entitlements */,
				9D8970A425681E9300B3C414 /* PetReminderApp.swift */,
				9D8E76FA248666C1004610C8 /* Assets.xcassets */,
				9D8E7702248666C1004610C8 /* Info.plist */,
				9D8970EC2568394700B3C414 /* PetReminder.xcdatamodeld */,
				9D8A0585271329F600BF5F32 /* StoreConfiguration.storekit */,
			);
			path = Utilities;
			sourceTree = "<group>";
		};
		9DFF73F5248BADBD004B4901 /* Strings */ = {
			isa = PBXGroup;
			children = (
				9DFEE1CF278A150400A41340 /* Localizable.strings */,
			);
			path = Strings;
			sourceTree = "<group>";
		};
/* End PBXGroup section */

/* Begin PBXNativeTarget section */
		9D8E76ED248666BD004610C8 /* Pet Reminder */ = {
			isa = PBXNativeTarget;
			buildConfigurationList = 9D8E7705248666C1004610C8 /* Build configuration list for PBXNativeTarget "Pet Reminder" */;
			buildPhases = (
				9D8E76EA248666BD004610C8 /* Sources */,
				9D8E76EB248666BD004610C8 /* Frameworks */,
				9D8E76EC248666BD004610C8 /* Resources */,
			);
			buildRules = (
			);
			dependencies = (
			);
			name = "Pet Reminder";
			packageProductDependencies = (
				9D845D0729699C3F0032063C /* AlertKit */,
			);
			productName = "Pet Reminder";
			productReference = 9D8E76EE248666BD004610C8 /* Pet Reminder.app */;
			productType = "com.apple.product-type.application";
		};
/* End PBXNativeTarget section */

/* Begin PBXProject section */
		9D8E76E6248666BD004610C8 /* Project object */ = {
			isa = PBXProject;
			attributes = {
				LastSwiftUpdateCheck = 1320;
				LastUpgradeCheck = 1220;
				ORGANIZATIONNAME = Softhion;
				TargetAttributes = {
					9D8E76ED248666BD004610C8 = {
						CreatedOnToolsVersion = 11.5;
					};
				};
			};
			buildConfigurationList = 9D8E76E9248666BD004610C8 /* Build configuration list for PBXProject "Pet Reminder" */;
			compatibilityVersion = "Xcode 9.3";
			developmentRegion = en;
			hasScannedForEncodings = 0;
			knownRegions = (
				en,
				Base,
				tr,
			);
			mainGroup = 9D8E76E5248666BD004610C8;
			packageReferences = (
				9D845D0629699C3F0032063C /* XCRemoteSwiftPackageReference "AlertKit" */,
			);
			productRefGroup = 9D8E76EF248666BD004610C8 /* Products */;
			projectDirPath = "";
			projectRoot = "";
			targets = (
				9D8E76ED248666BD004610C8 /* Pet Reminder */,
			);
		};
/* End PBXProject section */

/* Begin PBXResourcesBuildPhase section */
		9D8E76EC248666BD004610C8 /* Resources */ = {
			isa = PBXResourcesBuildPhase;
			buildActionMask = 2147483647;
			files = (
				9DFEE1CD278A150400A41340 /* Localizable.strings in Resources */,
				9D8A0586271329F600BF5F32 /* StoreConfiguration.storekit in Resources */,
				9D8E76FE248666C1004610C8 /* Preview Assets.xcassets in Resources */,
				9D8E76FB248666C1004610C8 /* Assets.xcassets in Resources */,
			);
			runOnlyForDeploymentPostprocessing = 0;
		};
/* End PBXResourcesBuildPhase section */

/* Begin PBXSourcesBuildPhase section */
		9D8E76EA248666BD004610C8 /* Sources */ = {
			isa = PBXSourcesBuildPhase;
			buildActionMask = 2147483647;
			files = (
				9DC1B9CA264ED3D000F8561A /* NextButton.swift in Sources */,
				9D73AAD726ECFEFC002DFFD1 /* EventsView.swift in Sources */,
				9D34019226DA7392005822DA /* DailyFeedChecker.swift in Sources */,
				9DC1B9C7264EC81A00F8561A /* PetManager.swift in Sources */,
				9DCDA06326E3C72400DF290F /* EventView.swift in Sources */,
				9D279849257ABFDD0078B668 /* HomeView.swift in Sources */,
				9D44ACCA279C6154007EB5B6 /* Enums.swift in Sources */,
				9D7283BE26ECE2B5001BDDD5 /* DataManager.swift in Sources */,
				9D279843257ABE710078B668 /* IndicatorView.swift in Sources */,
				9D98B13F28D606F70018C7A6 /* PhotoImagePickerView.swift in Sources */,
				9D98B13C28D606460018C7A6 /* EventManager.swift in Sources */,
				9D9F59B325E18228007672E8 /* HelloView.swift in Sources */,
				9D8970EE2568394700B3C414 /* PetReminder.xcdatamodeld in Sources */,
				9DB0E0562778BF9B0089E9B0 /* MorningCheckboxView.swift in Sources */,
				9DCDA06526E3C84000DF290F /* EmptyEventView.swift in Sources */,
				9DB0E0522778BC870089E9B0 /* ESImageView.swift in Sources */,
				9D708A6D2569640E00A89ACB /* Persistence.swift in Sources */,
				9D34019526DA7950005822DA /* PetListView.swift in Sources */,
				9D0C24DF25D07FEA008F93CD /* HomeManagerView.swift in Sources */,
				9DFF73EE248B9BB5004B4901 /* ImagePickerView.swift in Sources */,
				9D0C24E525D081B4008F93CD /* EventListView.swift in Sources */,
				9D44ACCC279C74E9007EB5B6 /* NotificationView.swift in Sources */,
				9DADDF6927821591000943AE /* PetCell.swift in Sources */,
				9D87C5AB26C9668D006BEF59 /* MainView.swift in Sources */,
				9D34019026DA7392005822DA /* NotificationManager.swift in Sources */,
				9DC849F828CB954A00776197 /* AddPetView.swift in Sources */,
				9D34019726DA7AAD005822DA /* PetChangeView.swift in Sources */,
				9D44ACC8279C5FAA007EB5B6 /* Extensions.swift in Sources */,
				9D73AAD526ECFCD1002DFFD1 /* AddEventView.swift in Sources */,
				9DAC8B5325E6F36500CA28DF /* VetViewModel.swift in Sources */,
				9D845D0529698D800032063C /* VaccineHistoryView.swift in Sources */,
				9DD754A2278266FA002E2768 /* ESEventDetailView.swift in Sources */,
				9D1D472F28D6340B0079175C /* PrivacyPolicyView.swift in Sources */,
				9D0C24E125D08177008F93CD /* FindVetView.swift in Sources */,
				9DB0E0542778BF680089E9B0 /* EveningCheckboxView.swift in Sources */,
				9D8970A525681E9400B3C414 /* PetReminderApp.swift in Sources */,
				9D70F67326B4B6BC007D37EF /* PetDetailView.swift in Sources */,
				9D849050277748CB005EAC5B /* DonateView.swift in Sources */,
				9DC8262726FF697200EA2423 /* StoreManager.swift in Sources */,
				9D9F55392905711D007E014B /* FeedHistory.swift in Sources */,
				9D98B14128D60FFF0018C7A6 /* MapWithSearchBarView.swift in Sources */,
				9DCDA06126E3C34600DF290F /* Pin.swift in Sources */,
				9D0C24E325D08181008F93CD /* SettingsView.swift in Sources */,
			);
			runOnlyForDeploymentPostprocessing = 0;
		};
/* End PBXSourcesBuildPhase section */

/* Begin PBXVariantGroup section */
		9DFEE1CF278A150400A41340 /* Localizable.strings */ = {
			isa = PBXVariantGroup;
			children = (
				9DFEE1CE278A150400A41340 /* en */,
				9DFEE1D0278A150600A41340 /* tr */,
			);
			name = Localizable.strings;
			sourceTree = "<group>";
		};
/* End PBXVariantGroup section */

/* Begin XCBuildConfiguration section */
		9D8E7703248666C1004610C8 /* Debug */ = {
			isa = XCBuildConfiguration;
			buildSettings = {
				ALWAYS_SEARCH_USER_PATHS = NO;
				CLANG_ANALYZER_LOCALIZABILITY_NONLOCALIZED = YES;
				CLANG_ANALYZER_NONNULL = YES;
				CLANG_ANALYZER_NUMBER_OBJECT_CONVERSION = YES_AGGRESSIVE;
				CLANG_CXX_LANGUAGE_STANDARD = "gnu++14";
				CLANG_CXX_LIBRARY = "libc++";
				CLANG_ENABLE_MODULES = YES;
				CLANG_ENABLE_OBJC_ARC = YES;
				CLANG_ENABLE_OBJC_WEAK = YES;
				CLANG_WARN_BLOCK_CAPTURE_AUTORELEASING = YES;
				CLANG_WARN_BOOL_CONVERSION = YES;
				CLANG_WARN_COMMA = YES;
				CLANG_WARN_CONSTANT_CONVERSION = YES;
				CLANG_WARN_DEPRECATED_OBJC_IMPLEMENTATIONS = YES;
				CLANG_WARN_DIRECT_OBJC_ISA_USAGE = YES_ERROR;
				CLANG_WARN_DOCUMENTATION_COMMENTS = YES;
				CLANG_WARN_EMPTY_BODY = YES;
				CLANG_WARN_ENUM_CONVERSION = YES;
				CLANG_WARN_INFINITE_RECURSION = YES;
				CLANG_WARN_INT_CONVERSION = YES;
				CLANG_WARN_NON_LITERAL_NULL_CONVERSION = YES;
				CLANG_WARN_OBJC_IMPLICIT_RETAIN_SELF = YES;
				CLANG_WARN_OBJC_LITERAL_CONVERSION = YES;
				CLANG_WARN_OBJC_ROOT_CLASS = YES_ERROR;
				CLANG_WARN_QUOTED_INCLUDE_IN_FRAMEWORK_HEADER = YES;
				CLANG_WARN_RANGE_LOOP_ANALYSIS = YES;
				CLANG_WARN_STRICT_PROTOTYPES = YES;
				CLANG_WARN_SUSPICIOUS_MOVE = YES;
				CLANG_WARN_UNGUARDED_AVAILABILITY = YES_AGGRESSIVE;
				CLANG_WARN_UNREACHABLE_CODE = YES;
				CLANG_WARN__DUPLICATE_METHOD_MATCH = YES;
				COPY_PHASE_STRIP = NO;
				DEBUG_INFORMATION_FORMAT = dwarf;
				ENABLE_STRICT_OBJC_MSGSEND = YES;
				ENABLE_TESTABILITY = YES;
				GCC_C_LANGUAGE_STANDARD = gnu11;
				GCC_DYNAMIC_NO_PIC = NO;
				GCC_NO_COMMON_BLOCKS = YES;
				GCC_OPTIMIZATION_LEVEL = 0;
				GCC_PREPROCESSOR_DEFINITIONS = (
					"DEBUG=1",
					"$(inherited)",
				);
				GCC_WARN_64_TO_32_BIT_CONVERSION = YES;
				GCC_WARN_ABOUT_RETURN_TYPE = YES_ERROR;
				GCC_WARN_UNDECLARED_SELECTOR = YES;
				GCC_WARN_UNINITIALIZED_AUTOS = YES_AGGRESSIVE;
				GCC_WARN_UNUSED_FUNCTION = YES;
				GCC_WARN_UNUSED_VARIABLE = YES;
				INFOPLIST_FILE = "Pet Reminder/Pet Reminder/Utilities/Info.plist";
				IPHONEOS_DEPLOYMENT_TARGET = 15.0;
				MTL_ENABLE_DEBUG_INFO = INCLUDE_SOURCE;
				MTL_FAST_MATH = YES;
				ONLY_ACTIVE_ARCH = YES;
				SDKROOT = iphoneos;
				SWIFT_ACTIVE_COMPILATION_CONDITIONS = DEBUG;
				SWIFT_OPTIMIZATION_LEVEL = "-Onone";
			};
			name = Debug;
		};
		9D8E7704248666C1004610C8 /* Release */ = {
			isa = XCBuildConfiguration;
			buildSettings = {
				ALWAYS_SEARCH_USER_PATHS = NO;
				CLANG_ANALYZER_LOCALIZABILITY_NONLOCALIZED = YES;
				CLANG_ANALYZER_NONNULL = YES;
				CLANG_ANALYZER_NUMBER_OBJECT_CONVERSION = YES_AGGRESSIVE;
				CLANG_CXX_LANGUAGE_STANDARD = "gnu++14";
				CLANG_CXX_LIBRARY = "libc++";
				CLANG_ENABLE_MODULES = YES;
				CLANG_ENABLE_OBJC_ARC = YES;
				CLANG_ENABLE_OBJC_WEAK = YES;
				CLANG_WARN_BLOCK_CAPTURE_AUTORELEASING = YES;
				CLANG_WARN_BOOL_CONVERSION = YES;
				CLANG_WARN_COMMA = YES;
				CLANG_WARN_CONSTANT_CONVERSION = YES;
				CLANG_WARN_DEPRECATED_OBJC_IMPLEMENTATIONS = YES;
				CLANG_WARN_DIRECT_OBJC_ISA_USAGE = YES_ERROR;
				CLANG_WARN_DOCUMENTATION_COMMENTS = YES;
				CLANG_WARN_EMPTY_BODY = YES;
				CLANG_WARN_ENUM_CONVERSION = YES;
				CLANG_WARN_INFINITE_RECURSION = YES;
				CLANG_WARN_INT_CONVERSION = YES;
				CLANG_WARN_NON_LITERAL_NULL_CONVERSION = YES;
				CLANG_WARN_OBJC_IMPLICIT_RETAIN_SELF = YES;
				CLANG_WARN_OBJC_LITERAL_CONVERSION = YES;
				CLANG_WARN_OBJC_ROOT_CLASS = YES_ERROR;
				CLANG_WARN_QUOTED_INCLUDE_IN_FRAMEWORK_HEADER = YES;
				CLANG_WARN_RANGE_LOOP_ANALYSIS = YES;
				CLANG_WARN_STRICT_PROTOTYPES = YES;
				CLANG_WARN_SUSPICIOUS_MOVE = YES;
				CLANG_WARN_UNGUARDED_AVAILABILITY = YES_AGGRESSIVE;
				CLANG_WARN_UNREACHABLE_CODE = YES;
				CLANG_WARN__DUPLICATE_METHOD_MATCH = YES;
				COPY_PHASE_STRIP = NO;
				DEBUG_INFORMATION_FORMAT = "dwarf-with-dsym";
				ENABLE_NS_ASSERTIONS = NO;
				ENABLE_STRICT_OBJC_MSGSEND = YES;
				GCC_C_LANGUAGE_STANDARD = gnu11;
				GCC_NO_COMMON_BLOCKS = YES;
				GCC_WARN_64_TO_32_BIT_CONVERSION = YES;
				GCC_WARN_ABOUT_RETURN_TYPE = YES_ERROR;
				GCC_WARN_UNDECLARED_SELECTOR = YES;
				GCC_WARN_UNINITIALIZED_AUTOS = YES_AGGRESSIVE;
				GCC_WARN_UNUSED_FUNCTION = YES;
				GCC_WARN_UNUSED_VARIABLE = YES;
				INFOPLIST_FILE = "Pet Reminder/Pet Reminder/Utilities/Info.plist";
				IPHONEOS_DEPLOYMENT_TARGET = 15.0;
				MTL_ENABLE_DEBUG_INFO = NO;
				MTL_FAST_MATH = YES;
				SDKROOT = iphoneos;
				SWIFT_COMPILATION_MODE = wholemodule;
				SWIFT_OPTIMIZATION_LEVEL = "-O";
				VALIDATE_PRODUCT = YES;
			};
			name = Release;
		};
		9D8E7706248666C1004610C8 /* Debug */ = {
			isa = XCBuildConfiguration;
			buildSettings = {
				ASSETCATALOG_COMPILER_APPICON_NAME = AppIcon;
				CODE_SIGN_ENTITLEMENTS = "Pet Reminder/Utilities/Pet Reminder.entitlements";
				CODE_SIGN_IDENTITY = "Apple Development";
				CODE_SIGN_STYLE = Automatic;
				CURRENT_PROJECT_VERSION = 1;
				DEVELOPMENT_ASSET_PATHS = "\"Pet Reminder/Preview Content\"";
				DEVELOPMENT_TEAM = RKA7R98LN8;
				ENABLE_PREVIEWS = YES;
				INFOPLIST_FILE = "$(SRCROOT)/Pet Reminder/Utilities/Info.plist";
				INFOPLIST_KEY_LSApplicationCategoryType = "public.app-category.utilities";
				IPHONEOS_DEPLOYMENT_TARGET = 15.0;
				LD_RUNPATH_SEARCH_PATHS = (
					"$(inherited)",
					"@executable_path/Frameworks",
				);
				MARKETING_VERSION = 5.2;
				PRODUCT_BUNDLE_IDENTIFIER = "com.egesucu.Pet-Reminder";
				PRODUCT_NAME = "$(TARGET_NAME)";
				PROVISIONING_PROFILE_SPECIFIER = "";
				SWIFT_VERSION = 5.0;
				TARGETED_DEVICE_FAMILY = "1,2";
			};
			name = Debug;
		};
		9D8E7707248666C1004610C8 /* Release */ = {
			isa = XCBuildConfiguration;
			buildSettings = {
				ASSETCATALOG_COMPILER_APPICON_NAME = AppIcon;
				CODE_SIGN_ENTITLEMENTS = "Pet Reminder/Utilities/Pet Reminder.entitlements";
				CODE_SIGN_IDENTITY = "Apple Development";
				CODE_SIGN_STYLE = Automatic;
				CURRENT_PROJECT_VERSION = 1;
				DEVELOPMENT_ASSET_PATHS = "\"Pet Reminder/Preview Content\"";
				DEVELOPMENT_TEAM = RKA7R98LN8;
				ENABLE_PREVIEWS = YES;
				INFOPLIST_FILE = "$(SRCROOT)/Pet Reminder/Utilities/Info.plist";
				INFOPLIST_KEY_LSApplicationCategoryType = "public.app-category.utilities";
				IPHONEOS_DEPLOYMENT_TARGET = 15.0;
				LD_RUNPATH_SEARCH_PATHS = (
					"$(inherited)",
					"@executable_path/Frameworks",
				);
				MARKETING_VERSION = 5.2;
				PRODUCT_BUNDLE_IDENTIFIER = "com.egesucu.Pet-Reminder";
				PRODUCT_NAME = "$(TARGET_NAME)";
				PROVISIONING_PROFILE_SPECIFIER = "";
				SWIFT_VERSION = 5.0;
				TARGETED_DEVICE_FAMILY = "1,2";
			};
			name = Release;
		};
/* End XCBuildConfiguration section */

/* Begin XCConfigurationList section */
		9D8E76E9248666BD004610C8 /* Build configuration list for PBXProject "Pet Reminder" */ = {
			isa = XCConfigurationList;
			buildConfigurations = (
				9D8E7703248666C1004610C8 /* Debug */,
				9D8E7704248666C1004610C8 /* Release */,
			);
			defaultConfigurationIsVisible = 0;
			defaultConfigurationName = Release;
		};
		9D8E7705248666C1004610C8 /* Build configuration list for PBXNativeTarget "Pet Reminder" */ = {
			isa = XCConfigurationList;
			buildConfigurations = (
				9D8E7706248666C1004610C8 /* Debug */,
				9D8E7707248666C1004610C8 /* Release */,
			);
			defaultConfigurationIsVisible = 0;
			defaultConfigurationName = Release;
		};
/* End XCConfigurationList section */

/* Begin XCRemoteSwiftPackageReference section */
		9D845D0629699C3F0032063C /* XCRemoteSwiftPackageReference "AlertKit" */ = {
			isa = XCRemoteSwiftPackageReference;
			repositoryURL = "https://github.com/rebeloper/AlertKit";
			requirement = {
				kind = upToNextMajorVersion;
				minimumVersion = 0.2.0;
			};
		};
/* End XCRemoteSwiftPackageReference section */

/* Begin XCSwiftPackageProductDependency section */
		9D845D0729699C3F0032063C /* AlertKit */ = {
			isa = XCSwiftPackageProductDependency;
			package = 9D845D0629699C3F0032063C /* XCRemoteSwiftPackageReference "AlertKit" */;
			productName = AlertKit;
		};
/* End XCSwiftPackageProductDependency section */

/* Begin XCVersionGroup section */
		9D8970EC2568394700B3C414 /* PetReminder.xcdatamodeld */ = {
			isa = XCVersionGroup;
			children = (
				9D8970ED2568394700B3C414 /* PetReminder.xcdatamodel */,
			);
			currentVersion = 9D8970ED2568394700B3C414 /* PetReminder.xcdatamodel */;
			path = PetReminder.xcdatamodeld;
			sourceTree = "<group>";
			versionGroupType = wrapper.xcdatamodel;
		};
/* End XCVersionGroup section */
	};
	rootObject = 9D8E76E6248666BD004610C8 /* Project object */;
}
