// !$*UTF8*$!
{
	archiveVersion = 1;
	classes = {
	};
	objectVersion = 60;
	objects = {

/* Begin PBXBuildFile section */
		9D60E6D62ABB812800AC0CC2 /* ci_post_xcodebuild.sh in Resources */ = {isa = PBXBuildFile; fileRef = 9D60E6D52ABB812800AC0CC2 /* ci_post_xcodebuild.sh */; };
		9D60E6D72ABB812B00AC0CC2 /* ci_post_clone.sh in Resources */ = {isa = PBXBuildFile; fileRef = 9D60E6D32ABB7C7A00AC0CC2 /* ci_post_clone.sh */; };
		9D60E6D92ABB8BA400AC0CC2 /* ci_pre_xcodebuild.sh in Resources */ = {isa = PBXBuildFile; fileRef = 9D60E6D82ABB8BA400AC0CC2 /* ci_pre_xcodebuild.sh */; };
		9D65457D2A2E96E400B0D35B /* Localizable.xcstrings in Resources */ = {isa = PBXBuildFile; fileRef = 9D65457C2A2E96E300B0D35B /* Localizable.xcstrings */; };
		9D71CEF4248836BD00AA1458 /* CloudKit.framework in Frameworks */ = {isa = PBXBuildFile; fileRef = 9D71CEF3248836BD00AA1458 /* CloudKit.framework */; };
		9D7C252B2A5948D300DDB027 /* Pet_ReminderTests.swift in Sources */ = {isa = PBXBuildFile; fileRef = 9D7C252A2A5948D300DDB027 /* Pet_ReminderTests.swift */; };
		9D7C25322A594B2F00DDB027 /* Localizable.xcstrings in Resources */ = {isa = PBXBuildFile; fileRef = 9D65457C2A2E96E300B0D35B /* Localizable.xcstrings */; };
		9D8970A525681E9400B3C414 /* PetReminderApp.swift in Sources */ = {isa = PBXBuildFile; fileRef = 9D8970A425681E9300B3C414 /* PetReminderApp.swift */; };
		9D8A0586271329F600BF5F32 /* StoreConfiguration.storekit in Resources */ = {isa = PBXBuildFile; fileRef = 9D8A0585271329F600BF5F32 /* StoreConfiguration.storekit */; };
		9D8A4EB12C42984700D6CB9B /* UI in Frameworks */ = {isa = PBXBuildFile; productRef = 9D8A4EB02C42984700D6CB9B /* UI */; };
		9D8E76FE248666C1004610C8 /* Preview Assets.xcassets in Resources */ = {isa = PBXBuildFile; fileRef = 9D8E76FD248666C1004610C8 /* Preview Assets.xcassets */; };
		9DA37A482AB6C2DA00874999 /* InfoPlist.xcstrings in Resources */ = {isa = PBXBuildFile; fileRef = 9DA37A472AB6C2DA00874999 /* InfoPlist.xcstrings */; };
		9DC8262526FF690100EA2423 /* StoreKit.framework in Frameworks */ = {isa = PBXBuildFile; fileRef = 9DC8262426FF690100EA2423 /* StoreKit.framework */; };
		9DD6A26F2AB5C6AB005312D3 /* Ankara.gpx in Resources */ = {isa = PBXBuildFile; fileRef = 9DD6A26E2AB5C6AB005312D3 /* Ankara.gpx */; };
		9DE24A292ABEED38008B91E2 /* PreviewSampleData.swift in Sources */ = {isa = PBXBuildFile; fileRef = 9DE24A282ABEED38008B91E2 /* PreviewSampleData.swift */; };
		9DE24A2B2ABEED7C008B91E2 /* ModelContainerView.swift in Sources */ = {isa = PBXBuildFile; fileRef = 9DE24A2A2ABEED7C008B91E2 /* ModelContainerView.swift */; };
		9DE86E5F2C42A218003C5681 /* SharedModels in Frameworks */ = {isa = PBXBuildFile; productRef = 9DE86E5E2C42A218003C5681 /* SharedModels */; };
		9DE86E612C42BF67003C5681 /* Assets.xcassets in Resources */ = {isa = PBXBuildFile; fileRef = 9DE86E602C42BF67003C5681 /* Assets.xcassets */; };
/* End PBXBuildFile section */

/* Begin PBXContainerItemProxy section */
		9D7C252C2A5948D300DDB027 /* PBXContainerItemProxy */ = {
			isa = PBXContainerItemProxy;
			containerPortal = 9D8E76E6248666BD004610C8 /* Project object */;
			proxyType = 1;
			remoteGlobalIDString = 9D8E76ED248666BD004610C8;
			remoteInfo = "Pet Reminder";
		};
/* End PBXContainerItemProxy section */

/* Begin PBXFileReference section */
		9D60E6D32ABB7C7A00AC0CC2 /* ci_post_clone.sh */ = {isa = PBXFileReference; lastKnownFileType = text.script.sh; path = ci_post_clone.sh; sourceTree = "<group>"; };
		9D60E6D52ABB812800AC0CC2 /* ci_post_xcodebuild.sh */ = {isa = PBXFileReference; lastKnownFileType = text.script.sh; path = ci_post_xcodebuild.sh; sourceTree = "<group>"; };
		9D60E6D82ABB8BA400AC0CC2 /* ci_pre_xcodebuild.sh */ = {isa = PBXFileReference; lastKnownFileType = text.script.sh; path = ci_pre_xcodebuild.sh; sourceTree = "<group>"; };
		9D65457C2A2E96E300B0D35B /* Localizable.xcstrings */ = {isa = PBXFileReference; lastKnownFileType = text.json.xcstrings; path = Localizable.xcstrings; sourceTree = "<group>"; };
		9D71CEF1248836B000AA1458 /* Pet Reminder.entitlements */ = {isa = PBXFileReference; lastKnownFileType = text.plist.entitlements; path = "Pet Reminder.entitlements"; sourceTree = "<group>"; };
		9D71CEF3248836BD00AA1458 /* CloudKit.framework */ = {isa = PBXFileReference; lastKnownFileType = wrapper.framework; name = CloudKit.framework; path = System/Library/Frameworks/CloudKit.framework; sourceTree = SDKROOT; };
		9D7C25282A5948D300DDB027 /* Pet ReminderTests.xctest */ = {isa = PBXFileReference; explicitFileType = wrapper.cfbundle; includeInIndex = 0; path = "Pet ReminderTests.xctest"; sourceTree = BUILT_PRODUCTS_DIR; };
		9D7C252A2A5948D300DDB027 /* Pet_ReminderTests.swift */ = {isa = PBXFileReference; lastKnownFileType = sourcecode.swift; path = Pet_ReminderTests.swift; sourceTree = "<group>"; };
		9D7C25312A594AEC00DDB027 /* Pet Reminder.xctestplan */ = {isa = PBXFileReference; lastKnownFileType = text; path = "Pet Reminder.xctestplan"; sourceTree = "<group>"; };
		9D8970A425681E9300B3C414 /* PetReminderApp.swift */ = {isa = PBXFileReference; lastKnownFileType = sourcecode.swift; path = PetReminderApp.swift; sourceTree = "<group>"; };
		9D8A0585271329F600BF5F32 /* StoreConfiguration.storekit */ = {isa = PBXFileReference; lastKnownFileType = text; path = StoreConfiguration.storekit; sourceTree = "<group>"; };
		9D8E76EE248666BD004610C8 /* Pet Reminder.app */ = {isa = PBXFileReference; explicitFileType = wrapper.application; includeInIndex = 0; path = "Pet Reminder.app"; sourceTree = BUILT_PRODUCTS_DIR; };
		9D8E76FD248666C1004610C8 /* Preview Assets.xcassets */ = {isa = PBXFileReference; lastKnownFileType = folder.assetcatalog; path = "Preview Assets.xcassets"; sourceTree = "<group>"; };
		9D8E7702248666C1004610C8 /* Info.plist */ = {isa = PBXFileReference; lastKnownFileType = text.plist.xml; path = Info.plist; sourceTree = "<group>"; };
		9DA37A472AB6C2DA00874999 /* InfoPlist.xcstrings */ = {isa = PBXFileReference; lastKnownFileType = text.json.xcstrings; path = InfoPlist.xcstrings; sourceTree = "<group>"; };
		9DC8262426FF690100EA2423 /* StoreKit.framework */ = {isa = PBXFileReference; lastKnownFileType = wrapper.framework; name = StoreKit.framework; path = System/Library/Frameworks/StoreKit.framework; sourceTree = SDKROOT; };
		9DD6A26E2AB5C6AB005312D3 /* Ankara.gpx */ = {isa = PBXFileReference; fileEncoding = 4; lastKnownFileType = text.xml; path = Ankara.gpx; sourceTree = "<group>"; };
		9DE24A282ABEED38008B91E2 /* PreviewSampleData.swift */ = {isa = PBXFileReference; lastKnownFileType = sourcecode.swift; path = PreviewSampleData.swift; sourceTree = "<group>"; };
		9DE24A2A2ABEED7C008B91E2 /* ModelContainerView.swift */ = {isa = PBXFileReference; lastKnownFileType = sourcecode.swift; path = ModelContainerView.swift; sourceTree = "<group>"; };
		9DE86E5B2C42A0DB003C5681 /* UI */ = {isa = PBXFileReference; lastKnownFileType = wrapper; path = UI; sourceTree = "<group>"; };
		9DE86E5D2C42A1A8003C5681 /* SharedModels */ = {isa = PBXFileReference; lastKnownFileType = wrapper; path = SharedModels; sourceTree = "<group>"; };
		9DE86E602C42BF67003C5681 /* Assets.xcassets */ = {isa = PBXFileReference; lastKnownFileType = folder.assetcatalog; path = Assets.xcassets; sourceTree = "<group>"; };
/* End PBXFileReference section */

/* Begin PBXFrameworksBuildPhase section */
		9D7C25252A5948D300DDB027 /* Frameworks */ = {
			isa = PBXFrameworksBuildPhase;
			buildActionMask = 2147483647;
			files = (
			);
			runOnlyForDeploymentPostprocessing = 0;
		};
		9D8E76EB248666BD004610C8 /* Frameworks */ = {
			isa = PBXFrameworksBuildPhase;
			buildActionMask = 2147483647;
			files = (
				9D71CEF4248836BD00AA1458 /* CloudKit.framework in Frameworks */,
				9D8A4EB12C42984700D6CB9B /* UI in Frameworks */,
				9DC8262526FF690100EA2423 /* StoreKit.framework in Frameworks */,
				9DE86E5F2C42A218003C5681 /* SharedModels in Frameworks */,
			);
			runOnlyForDeploymentPostprocessing = 0;
		};
/* End PBXFrameworksBuildPhase section */

/* Begin PBXGroup section */
		9D60E6D22ABB7C5600AC0CC2 /* ci_scripts */ = {
			isa = PBXGroup;
			children = (
				9D60E6D32ABB7C7A00AC0CC2 /* ci_post_clone.sh */,
				9D60E6D82ABB8BA400AC0CC2 /* ci_pre_xcodebuild.sh */,
				9D60E6D52ABB812800AC0CC2 /* ci_post_xcodebuild.sh */,
			);
			path = ci_scripts;
			sourceTree = "<group>";
		};
		9D71CEF2248836BD00AA1458 /* Frameworks */ = {
			isa = PBXGroup;
			children = (
				9DC8262426FF690100EA2423 /* StoreKit.framework */,
				9D71CEF3248836BD00AA1458 /* CloudKit.framework */,
			);
			name = Frameworks;
			sourceTree = "<group>";
		};
		9D7C25292A5948D300DDB027 /* Pet ReminderTests */ = {
			isa = PBXGroup;
			children = (
				9D7C252A2A5948D300DDB027 /* Pet_ReminderTests.swift */,
			);
			path = "Pet ReminderTests";
			sourceTree = "<group>";
		};
		9D8E76E5248666BD004610C8 = {
			isa = PBXGroup;
			children = (
				9D8E76F0248666BD004610C8 /* Pet Reminder */,
				9DE86E5C2C42A0DB003C5681 /* Packages */,
				9D60E6D22ABB7C5600AC0CC2 /* ci_scripts */,
				9D7C25312A594AEC00DDB027 /* Pet Reminder.xctestplan */,
				9D7C25292A5948D300DDB027 /* Pet ReminderTests */,
				9D71CEF2248836BD00AA1458 /* Frameworks */,
				9D8E76EF248666BD004610C8 /* Products */,
			);
			sourceTree = "<group>";
		};
		9D8E76EF248666BD004610C8 /* Products */ = {
			isa = PBXGroup;
			children = (
				9D8E76EE248666BD004610C8 /* Pet Reminder.app */,
				9D7C25282A5948D300DDB027 /* Pet ReminderTests.xctest */,
			);
			name = Products;
			sourceTree = "<group>";
		};
		9D8E76F0248666BD004610C8 /* Pet Reminder */ = {
			isa = PBXGroup;
			children = (
				9DFF73F4248BADB2004B4901 /* Utilities */,
				9D8E76FC248666C1004610C8 /* Preview Content */,
			);
			path = "Pet Reminder";
			sourceTree = "<group>";
		};
		9D8E76FC248666C1004610C8 /* Preview Content */ = {
			isa = PBXGroup;
			children = (
				9D8E76FD248666C1004610C8 /* Preview Assets.xcassets */,
			);
			path = "Preview Content";
			sourceTree = "<group>";
		};
		9DE86E5C2C42A0DB003C5681 /* Packages */ = {
			isa = PBXGroup;
			children = (
				9DE86E5D2C42A1A8003C5681 /* SharedModels */,
				9DE86E5B2C42A0DB003C5681 /* UI */,
			);
			path = Packages;
			sourceTree = "<group>";
		};
		9DFF73F4248BADB2004B4901 /* Utilities */ = {
			isa = PBXGroup;
			children = (
				9DD6A26E2AB5C6AB005312D3 /* Ankara.gpx */,
				9D65457C2A2E96E300B0D35B /* Localizable.xcstrings */,
				9D71CEF1248836B000AA1458 /* Pet Reminder.entitlements */,
				9D8970A425681E9300B3C414 /* PetReminderApp.swift */,
				9D8E7702248666C1004610C8 /* Info.plist */,
				9DA37A472AB6C2DA00874999 /* InfoPlist.xcstrings */,
				9D8A0585271329F600BF5F32 /* StoreConfiguration.storekit */,
				9DE86E602C42BF67003C5681 /* Assets.xcassets */,
				9DE24A282ABEED38008B91E2 /* PreviewSampleData.swift */,
				9DE24A2A2ABEED7C008B91E2 /* ModelContainerView.swift */,
			);
			path = Utilities;
			sourceTree = "<group>";
		};
/* End PBXGroup section */

/* Begin PBXNativeTarget section */
		9D7C25272A5948D300DDB027 /* Pet ReminderTests */ = {
			isa = PBXNativeTarget;
			buildConfigurationList = 9D7C25302A5948D300DDB027 /* Build configuration list for PBXNativeTarget "Pet ReminderTests" */;
			buildPhases = (
				9D7C25242A5948D300DDB027 /* Sources */,
				9D7C25252A5948D300DDB027 /* Frameworks */,
				9D7C25262A5948D300DDB027 /* Resources */,
			);
			buildRules = (
			);
			dependencies = (
				9D7C252D2A5948D300DDB027 /* PBXTargetDependency */,
			);
			name = "Pet ReminderTests";
			productName = "Pet ReminderTests";
			productReference = 9D7C25282A5948D300DDB027 /* Pet ReminderTests.xctest */;
			productType = "com.apple.product-type.bundle.unit-test";
		};
		9D8E76ED248666BD004610C8 /* Pet Reminder */ = {
			isa = PBXNativeTarget;
			buildConfigurationList = 9D8E7705248666C1004610C8 /* Build configuration list for PBXNativeTarget "Pet Reminder" */;
			buildPhases = (
				9D8E76EA248666BD004610C8 /* Sources */,
				9D8E76EB248666BD004610C8 /* Frameworks */,
				9D8E76EC248666BD004610C8 /* Resources */,
			);
			buildRules = (
			);
			dependencies = (
			);
			name = "Pet Reminder";
			packageProductDependencies = (
				9D8A4EB02C42984700D6CB9B /* UI */,
				9DE86E5E2C42A218003C5681 /* SharedModels */,
			);
			productName = "Pet Reminder";
			productReference = 9D8E76EE248666BD004610C8 /* Pet Reminder.app */;
			productType = "com.apple.product-type.application";
		};
/* End PBXNativeTarget section */

/* Begin PBXProject section */
		9D8E76E6248666BD004610C8 /* Project object */ = {
			isa = PBXProject;
			attributes = {
				BuildIndependentTargetsInParallel = YES;
				LastSwiftUpdateCheck = 1500;
				LastUpgradeCheck = 1500;
				ORGANIZATIONNAME = "Ege Sucu";
				TargetAttributes = {
					9D7C25272A5948D300DDB027 = {
						CreatedOnToolsVersion = 15.0;
						TestTargetID = 9D8E76ED248666BD004610C8;
					};
					9D8E76ED248666BD004610C8 = {
						CreatedOnToolsVersion = 11.5;
					};
				};
			};
			buildConfigurationList = 9D8E76E9248666BD004610C8 /* Build configuration list for PBXProject "Pet Reminder" */;
			compatibilityVersion = "Xcode 15.0";
			developmentRegion = en;
			hasScannedForEncodings = 0;
			knownRegions = (
				en,
				Base,
				tr,
			);
			mainGroup = 9D8E76E5248666BD004610C8;
			packageReferences = (
			);
			productRefGroup = 9D8E76EF248666BD004610C8 /* Products */;
			projectDirPath = "";
			projectRoot = "";
			targets = (
				9D8E76ED248666BD004610C8 /* Pet Reminder */,
				9D7C25272A5948D300DDB027 /* Pet ReminderTests */,
			);
		};
/* End PBXProject section */

/* Begin PBXResourcesBuildPhase section */
		9D7C25262A5948D300DDB027 /* Resources */ = {
			isa = PBXResourcesBuildPhase;
			buildActionMask = 2147483647;
			files = (
				9D7C25322A594B2F00DDB027 /* Localizable.xcstrings in Resources */,
			);
			runOnlyForDeploymentPostprocessing = 0;
		};
		9D8E76EC248666BD004610C8 /* Resources */ = {
			isa = PBXResourcesBuildPhase;
			buildActionMask = 2147483647;
			files = (
				9DA37A482AB6C2DA00874999 /* InfoPlist.xcstrings in Resources */,
				9D60E6D92ABB8BA400AC0CC2 /* ci_pre_xcodebuild.sh in Resources */,
				9DD6A26F2AB5C6AB005312D3 /* Ankara.gpx in Resources */,
				9D60E6D72ABB812B00AC0CC2 /* ci_post_clone.sh in Resources */,
				9D60E6D62ABB812800AC0CC2 /* ci_post_xcodebuild.sh in Resources */,
				9D65457D2A2E96E400B0D35B /* Localizable.xcstrings in Resources */,
				9D8A0586271329F600BF5F32 /* StoreConfiguration.storekit in Resources */,
				9DE86E612C42BF67003C5681 /* Assets.xcassets in Resources */,
				9D8E76FE248666C1004610C8 /* Preview Assets.xcassets in Resources */,
			);
			runOnlyForDeploymentPostprocessing = 0;
		};
/* End PBXResourcesBuildPhase section */

/* Begin PBXSourcesBuildPhase section */
		9D7C25242A5948D300DDB027 /* Sources */ = {
			isa = PBXSourcesBuildPhase;
			buildActionMask = 2147483647;
			files = (
				9D7C252B2A5948D300DDB027 /* Pet_ReminderTests.swift in Sources */,
			);
			runOnlyForDeploymentPostprocessing = 0;
		};
		9D8E76EA248666BD004610C8 /* Sources */ = {
			isa = PBXSourcesBuildPhase;
			buildActionMask = 2147483647;
			files = (
				9DE24A292ABEED38008B91E2 /* PreviewSampleData.swift in Sources */,
				9DE24A2B2ABEED7C008B91E2 /* ModelContainerView.swift in Sources */,
				9D8970A525681E9400B3C414 /* PetReminderApp.swift in Sources */,
			);
			runOnlyForDeploymentPostprocessing = 0;
		};
/* End PBXSourcesBuildPhase section */

/* Begin PBXTargetDependency section */
		9D7C252D2A5948D300DDB027 /* PBXTargetDependency */ = {
			isa = PBXTargetDependency;
			target = 9D8E76ED248666BD004610C8 /* Pet Reminder */;
			targetProxy = 9D7C252C2A5948D300DDB027 /* PBXContainerItemProxy */;
		};
/* End PBXTargetDependency section */

/* Begin XCBuildConfiguration section */
		9D7C252E2A5948D300DDB027 /* Debug */ = {
			isa = XCBuildConfiguration;
			buildSettings = {
				BUNDLE_LOADER = "$(TEST_HOST)";
				CLANG_CXX_LANGUAGE_STANDARD = "gnu++20";
				CODE_SIGN_STYLE = Automatic;
				CURRENT_PROJECT_VERSION = 1;
				DEVELOPMENT_TEAM = RKA7R98LN8;
				GCC_C_LANGUAGE_STANDARD = gnu17;
				GENERATE_INFOPLIST_FILE = YES;
				INFOPLIST_FILE = "Pet Reminder/Utilities/Info.plist";
				MARKETING_VERSION = 1.0;
				PRODUCT_BUNDLE_IDENTIFIER = "com.softtech.test.Pet-ReminderTests";
				PRODUCT_NAME = "$(TARGET_NAME)";
				SWIFT_ACTIVE_COMPILATION_CONDITIONS = "DEBUG $(inherited)";
				SWIFT_EMIT_LOC_STRINGS = NO;
				SWIFT_VERSION = 5.0;
				TARGETED_DEVICE_FAMILY = "1,2";
				TEST_HOST = "$(BUILT_PRODUCTS_DIR)/Pet Reminder.app/$(BUNDLE_EXECUTABLE_FOLDER_PATH)/Pet Reminder";
			};
			name = Debug;
		};
		9D7C252F2A5948D300DDB027 /* Release */ = {
			isa = XCBuildConfiguration;
			buildSettings = {
				BUNDLE_LOADER = "$(TEST_HOST)";
				CLANG_CXX_LANGUAGE_STANDARD = "gnu++20";
				CODE_SIGN_STYLE = Automatic;
				CURRENT_PROJECT_VERSION = 1;
				DEVELOPMENT_TEAM = RKA7R98LN8;
				GCC_C_LANGUAGE_STANDARD = gnu17;
				GENERATE_INFOPLIST_FILE = YES;
				INFOPLIST_FILE = "Pet Reminder/Utilities/Info.plist";
				MARKETING_VERSION = 1.0;
				PRODUCT_BUNDLE_IDENTIFIER = "com.softtech.test.Pet-ReminderTests";
				PRODUCT_NAME = "$(TARGET_NAME)";
				SWIFT_EMIT_LOC_STRINGS = NO;
				SWIFT_VERSION = 5.0;
				TARGETED_DEVICE_FAMILY = "1,2";
				TEST_HOST = "$(BUILT_PRODUCTS_DIR)/Pet Reminder.app/$(BUNDLE_EXECUTABLE_FOLDER_PATH)/Pet Reminder";
			};
			name = Release;
		};
		9D8E7703248666C1004610C8 /* Debug */ = {
			isa = XCBuildConfiguration;
			buildSettings = {
				ALWAYS_SEARCH_USER_PATHS = NO;
				ASSETCATALOG_COMPILER_GENERATE_SWIFT_ASSET_SYMBOL_EXTENSIONS = YES;
				CLANG_ANALYZER_LOCALIZABILITY_NONLOCALIZED = YES;
				CLANG_ANALYZER_NONNULL = YES;
				CLANG_ANALYZER_NUMBER_OBJECT_CONVERSION = YES_AGGRESSIVE;
				CLANG_CXX_LANGUAGE_STANDARD = "gnu++14";
				CLANG_CXX_LIBRARY = "libc++";
				CLANG_ENABLE_MODULES = YES;
				CLANG_ENABLE_OBJC_ARC = YES;
				CLANG_ENABLE_OBJC_WEAK = YES;
				CLANG_WARN_BLOCK_CAPTURE_AUTORELEASING = YES;
				CLANG_WARN_BOOL_CONVERSION = YES;
				CLANG_WARN_COMMA = YES;
				CLANG_WARN_CONSTANT_CONVERSION = YES;
				CLANG_WARN_DEPRECATED_OBJC_IMPLEMENTATIONS = YES;
				CLANG_WARN_DIRECT_OBJC_ISA_USAGE = YES_ERROR;
				CLANG_WARN_DOCUMENTATION_COMMENTS = YES;
				CLANG_WARN_EMPTY_BODY = YES;
				CLANG_WARN_ENUM_CONVERSION = YES;
				CLANG_WARN_INFINITE_RECURSION = YES;
				CLANG_WARN_INT_CONVERSION = YES;
				CLANG_WARN_NON_LITERAL_NULL_CONVERSION = YES;
				CLANG_WARN_OBJC_IMPLICIT_RETAIN_SELF = YES;
				CLANG_WARN_OBJC_LITERAL_CONVERSION = YES;
				CLANG_WARN_OBJC_ROOT_CLASS = YES_ERROR;
				CLANG_WARN_QUOTED_INCLUDE_IN_FRAMEWORK_HEADER = YES;
				CLANG_WARN_RANGE_LOOP_ANALYSIS = YES;
				CLANG_WARN_STRICT_PROTOTYPES = YES;
				CLANG_WARN_SUSPICIOUS_MOVE = YES;
				CLANG_WARN_UNGUARDED_AVAILABILITY = YES_AGGRESSIVE;
				CLANG_WARN_UNREACHABLE_CODE = YES;
				CLANG_WARN__DUPLICATE_METHOD_MATCH = YES;
				COPY_PHASE_STRIP = NO;
				DEBUG_INFORMATION_FORMAT = dwarf;
				ENABLE_STRICT_OBJC_MSGSEND = YES;
				ENABLE_TESTABILITY = YES;
				ENABLE_USER_SCRIPT_SANDBOXING = YES;
				GCC_C_LANGUAGE_STANDARD = gnu11;
				GCC_DYNAMIC_NO_PIC = NO;
				GCC_NO_COMMON_BLOCKS = YES;
				GCC_OPTIMIZATION_LEVEL = 0;
				GCC_PREPROCESSOR_DEFINITIONS = (
					"DEBUG=1",
					"$(inherited)",
				);
				GCC_WARN_64_TO_32_BIT_CONVERSION = YES;
				GCC_WARN_ABOUT_RETURN_TYPE = YES_ERROR;
				GCC_WARN_UNDECLARED_SELECTOR = YES;
				GCC_WARN_UNINITIALIZED_AUTOS = YES_AGGRESSIVE;
				GCC_WARN_UNUSED_FUNCTION = YES;
				GCC_WARN_UNUSED_VARIABLE = YES;
				INFOPLIST_FILE = "Pet Reminder/Pet Reminder/Utilities/Info.plist";
				IPHONEOS_DEPLOYMENT_TARGET = 18.0;
				LOCALIZATION_PREFERS_STRING_CATALOGS = YES;
				MTL_ENABLE_DEBUG_INFO = INCLUDE_SOURCE;
				MTL_FAST_MATH = YES;
				ONLY_ACTIVE_ARCH = YES;
				SDKROOT = iphoneos;
				SWIFT_ACTIVE_COMPILATION_CONDITIONS = DEBUG;
				SWIFT_EMIT_LOC_STRINGS = YES;
				SWIFT_OPTIMIZATION_LEVEL = "-Onone";
				SWIFT_STRICT_CONCURRENCY = complete;
				SWIFT_UPCOMING_FEATURE_CONCISE_MAGIC_FILE = YES;
				SWIFT_UPCOMING_FEATURE_DEPRECATE_APPLICATION_MAIN = YES;
				SWIFT_UPCOMING_FEATURE_DISABLE_OUTWARD_ACTOR_ISOLATION = YES;
				SWIFT_UPCOMING_FEATURE_EXISTENTIAL_ANY = YES;
				SWIFT_UPCOMING_FEATURE_FORWARD_TRAILING_CLOSURES = YES;
				SWIFT_UPCOMING_FEATURE_GLOBAL_CONCURRENCY = YES;
				SWIFT_UPCOMING_FEATURE_IMPLICIT_OPEN_EXISTENTIALS = YES;
				SWIFT_UPCOMING_FEATURE_IMPORT_OBJC_FORWARD_DECLS = YES;
				SWIFT_UPCOMING_FEATURE_INFER_SENDABLE_FROM_CAPTURES = YES;
				SWIFT_UPCOMING_FEATURE_INTERNAL_IMPORTS_BY_DEFAULT = YES;
				SWIFT_UPCOMING_FEATURE_ISOLATED_DEFAULT_VALUES = YES;
				SWIFT_UPCOMING_FEATURE_REGION_BASED_ISOLATION = YES;
			};
			name = Debug;
		};
		9D8E7704248666C1004610C8 /* Release */ = {
			isa = XCBuildConfiguration;
			buildSettings = {
				ALWAYS_SEARCH_USER_PATHS = NO;
				ASSETCATALOG_COMPILER_GENERATE_SWIFT_ASSET_SYMBOL_EXTENSIONS = YES;
				CLANG_ANALYZER_LOCALIZABILITY_NONLOCALIZED = YES;
				CLANG_ANALYZER_NONNULL = YES;
				CLANG_ANALYZER_NUMBER_OBJECT_CONVERSION = YES_AGGRESSIVE;
				CLANG_CXX_LANGUAGE_STANDARD = "gnu++14";
				CLANG_CXX_LIBRARY = "libc++";
				CLANG_ENABLE_MODULES = YES;
				CLANG_ENABLE_OBJC_ARC = YES;
				CLANG_ENABLE_OBJC_WEAK = YES;
				CLANG_WARN_BLOCK_CAPTURE_AUTORELEASING = YES;
				CLANG_WARN_BOOL_CONVERSION = YES;
				CLANG_WARN_COMMA = YES;
				CLANG_WARN_CONSTANT_CONVERSION = YES;
				CLANG_WARN_DEPRECATED_OBJC_IMPLEMENTATIONS = YES;
				CLANG_WARN_DIRECT_OBJC_ISA_USAGE = YES_ERROR;
				CLANG_WARN_DOCUMENTATION_COMMENTS = YES;
				CLANG_WARN_EMPTY_BODY = YES;
				CLANG_WARN_ENUM_CONVERSION = YES;
				CLANG_WARN_INFINITE_RECURSION = YES;
				CLANG_WARN_INT_CONVERSION = YES;
				CLANG_WARN_NON_LITERAL_NULL_CONVERSION = YES;
				CLANG_WARN_OBJC_IMPLICIT_RETAIN_SELF = YES;
				CLANG_WARN_OBJC_LITERAL_CONVERSION = YES;
				CLANG_WARN_OBJC_ROOT_CLASS = YES_ERROR;
				CLANG_WARN_QUOTED_INCLUDE_IN_FRAMEWORK_HEADER = YES;
				CLANG_WARN_RANGE_LOOP_ANALYSIS = YES;
				CLANG_WARN_STRICT_PROTOTYPES = YES;
				CLANG_WARN_SUSPICIOUS_MOVE = YES;
				CLANG_WARN_UNGUARDED_AVAILABILITY = YES_AGGRESSIVE;
				CLANG_WARN_UNREACHABLE_CODE = YES;
				CLANG_WARN__DUPLICATE_METHOD_MATCH = YES;
				COPY_PHASE_STRIP = NO;
				DEBUG_INFORMATION_FORMAT = "dwarf-with-dsym";
				ENABLE_NS_ASSERTIONS = NO;
				ENABLE_STRICT_OBJC_MSGSEND = YES;
				ENABLE_USER_SCRIPT_SANDBOXING = YES;
				GCC_C_LANGUAGE_STANDARD = gnu11;
				GCC_NO_COMMON_BLOCKS = YES;
				GCC_WARN_64_TO_32_BIT_CONVERSION = YES;
				GCC_WARN_ABOUT_RETURN_TYPE = YES_ERROR;
				GCC_WARN_UNDECLARED_SELECTOR = YES;
				GCC_WARN_UNINITIALIZED_AUTOS = YES_AGGRESSIVE;
				GCC_WARN_UNUSED_FUNCTION = YES;
				GCC_WARN_UNUSED_VARIABLE = YES;
				INFOPLIST_FILE = "Pet Reminder/Pet Reminder/Utilities/Info.plist";
				IPHONEOS_DEPLOYMENT_TARGET = 18.0;
				LOCALIZATION_PREFERS_STRING_CATALOGS = YES;
				MTL_ENABLE_DEBUG_INFO = NO;
				MTL_FAST_MATH = YES;
				SDKROOT = iphoneos;
				SWIFT_COMPILATION_MODE = wholemodule;
				SWIFT_EMIT_LOC_STRINGS = YES;
				SWIFT_OPTIMIZATION_LEVEL = "-O";
				SWIFT_STRICT_CONCURRENCY = complete;
				SWIFT_UPCOMING_FEATURE_CONCISE_MAGIC_FILE = YES;
				SWIFT_UPCOMING_FEATURE_DEPRECATE_APPLICATION_MAIN = YES;
				SWIFT_UPCOMING_FEATURE_DISABLE_OUTWARD_ACTOR_ISOLATION = YES;
				SWIFT_UPCOMING_FEATURE_EXISTENTIAL_ANY = YES;
				SWIFT_UPCOMING_FEATURE_FORWARD_TRAILING_CLOSURES = YES;
				SWIFT_UPCOMING_FEATURE_GLOBAL_CONCURRENCY = YES;
				SWIFT_UPCOMING_FEATURE_IMPLICIT_OPEN_EXISTENTIALS = YES;
				SWIFT_UPCOMING_FEATURE_IMPORT_OBJC_FORWARD_DECLS = YES;
				SWIFT_UPCOMING_FEATURE_INFER_SENDABLE_FROM_CAPTURES = YES;
				SWIFT_UPCOMING_FEATURE_INTERNAL_IMPORTS_BY_DEFAULT = YES;
				SWIFT_UPCOMING_FEATURE_ISOLATED_DEFAULT_VALUES = YES;
				SWIFT_UPCOMING_FEATURE_REGION_BASED_ISOLATION = YES;
				VALIDATE_PRODUCT = YES;
			};
			name = Release;
		};
		9D8E7706248666C1004610C8 /* Debug */ = {
			isa = XCBuildConfiguration;
			buildSettings = {
				ASSETCATALOG_COMPILER_ALTERNATE_APPICON_NAMES = "AppIcon-Dark AppIcon-Oldest AppIcon-Old";
				ASSETCATALOG_COMPILER_APPICON_NAME = AppIcon;
				ASSETCATALOG_COMPILER_GENERATE_ASSET_SYMBOL_FRAMEWORKS = SwiftUI;
				CODE_SIGN_ENTITLEMENTS = "Pet Reminder/Utilities/Pet Reminder.entitlements";
				CODE_SIGN_IDENTITY = "Apple Development";
				CODE_SIGN_STYLE = Automatic;
				CURRENT_PROJECT_VERSION = 1;
				DEVELOPMENT_ASSET_PATHS = "\"Pet Reminder/Preview Content\"";
				DEVELOPMENT_TEAM = RKA7R98LN8;
				ENABLE_PREVIEWS = YES;
				ENABLE_USER_SCRIPT_SANDBOXING = NO;
				INFOPLIST_FILE = "$(SRCROOT)/Pet Reminder/Utilities/Info.plist";
				INFOPLIST_KEY_LSApplicationCategoryType = "public.app-category.utilities";
				IPHONEOS_DEPLOYMENT_TARGET = 18.0;
				LD_RUNPATH_SEARCH_PATHS = (
					"$(inherited)",
					"@executable_path/Frameworks",
				);
				MARKETING_VERSION = 6.0;
				PRODUCT_BUNDLE_IDENTIFIER = "com.egesucu.Pet-Reminder";
				PRODUCT_NAME = "$(TARGET_NAME)";
				PROVISIONING_PROFILE_SPECIFIER = "";
				SUPPORTED_PLATFORMS = "iphoneos iphonesimulator";
				SUPPORTS_MACCATALYST = NO;
				SWIFT_EMIT_LOC_STRINGS = YES;
				SWIFT_STRICT_CONCURRENCY = complete;
				SWIFT_UPCOMING_FEATURE_CONCISE_MAGIC_FILE = YES;
				SWIFT_UPCOMING_FEATURE_DEPRECATE_APPLICATION_MAIN = YES;
				SWIFT_UPCOMING_FEATURE_DISABLE_OUTWARD_ACTOR_ISOLATION = YES;
				SWIFT_UPCOMING_FEATURE_EXISTENTIAL_ANY = YES;
				SWIFT_UPCOMING_FEATURE_FORWARD_TRAILING_CLOSURES = YES;
				SWIFT_UPCOMING_FEATURE_GLOBAL_CONCURRENCY = YES;
				SWIFT_UPCOMING_FEATURE_IMPLICIT_OPEN_EXISTENTIALS = YES;
				SWIFT_UPCOMING_FEATURE_IMPORT_OBJC_FORWARD_DECLS = YES;
				SWIFT_UPCOMING_FEATURE_INFER_SENDABLE_FROM_CAPTURES = YES;
				SWIFT_UPCOMING_FEATURE_INTERNAL_IMPORTS_BY_DEFAULT = YES;
				SWIFT_UPCOMING_FEATURE_ISOLATED_DEFAULT_VALUES = YES;
				SWIFT_UPCOMING_FEATURE_REGION_BASED_ISOLATION = YES;
				SWIFT_VERSION = 6.0;
				TARGETED_DEVICE_FAMILY = "1,2";
			};
			name = Debug;
		};
		9D8E7707248666C1004610C8 /* Release */ = {
			isa = XCBuildConfiguration;
			buildSettings = {
				ASSETCATALOG_COMPILER_ALTERNATE_APPICON_NAMES = "AppIcon-Dark AppIcon-Oldest AppIcon-Old";
				ASSETCATALOG_COMPILER_APPICON_NAME = AppIcon;
				ASSETCATALOG_COMPILER_GENERATE_ASSET_SYMBOL_FRAMEWORKS = SwiftUI;
				CODE_SIGN_ENTITLEMENTS = "Pet Reminder/Utilities/Pet Reminder.entitlements";
				CODE_SIGN_IDENTITY = "Apple Development";
				CODE_SIGN_STYLE = Automatic;
				CURRENT_PROJECT_VERSION = 1;
				DEVELOPMENT_ASSET_PATHS = "\"Pet Reminder/Preview Content\"";
				DEVELOPMENT_TEAM = RKA7R98LN8;
				ENABLE_PREVIEWS = YES;
				ENABLE_USER_SCRIPT_SANDBOXING = NO;
				INFOPLIST_FILE = "$(SRCROOT)/Pet Reminder/Utilities/Info.plist";
				INFOPLIST_KEY_LSApplicationCategoryType = "public.app-category.utilities";
				IPHONEOS_DEPLOYMENT_TARGET = 18.0;
				LD_RUNPATH_SEARCH_PATHS = (
					"$(inherited)",
					"@executable_path/Frameworks",
				);
				MARKETING_VERSION = 6.0;
				PRODUCT_BUNDLE_IDENTIFIER = "com.egesucu.Pet-Reminder";
				PRODUCT_NAME = "$(TARGET_NAME)";
				PROVISIONING_PROFILE_SPECIFIER = "";
				SUPPORTED_PLATFORMS = "iphoneos iphonesimulator";
				SUPPORTS_MACCATALYST = NO;
				SWIFT_EMIT_LOC_STRINGS = YES;
				SWIFT_STRICT_CONCURRENCY = complete;
				SWIFT_UPCOMING_FEATURE_CONCISE_MAGIC_FILE = YES;
				SWIFT_UPCOMING_FEATURE_DEPRECATE_APPLICATION_MAIN = YES;
				SWIFT_UPCOMING_FEATURE_DISABLE_OUTWARD_ACTOR_ISOLATION = YES;
				SWIFT_UPCOMING_FEATURE_EXISTENTIAL_ANY = YES;
				SWIFT_UPCOMING_FEATURE_FORWARD_TRAILING_CLOSURES = YES;
				SWIFT_UPCOMING_FEATURE_GLOBAL_CONCURRENCY = YES;
				SWIFT_UPCOMING_FEATURE_IMPLICIT_OPEN_EXISTENTIALS = YES;
				SWIFT_UPCOMING_FEATURE_IMPORT_OBJC_FORWARD_DECLS = YES;
				SWIFT_UPCOMING_FEATURE_INFER_SENDABLE_FROM_CAPTURES = YES;
				SWIFT_UPCOMING_FEATURE_INTERNAL_IMPORTS_BY_DEFAULT = YES;
				SWIFT_UPCOMING_FEATURE_ISOLATED_DEFAULT_VALUES = YES;
				SWIFT_UPCOMING_FEATURE_REGION_BASED_ISOLATION = YES;
				SWIFT_VERSION = 6.0;
				TARGETED_DEVICE_FAMILY = "1,2";
			};
			name = Release;
		};
/* End XCBuildConfiguration section */

/* Begin XCConfigurationList section */
		9D7C25302A5948D300DDB027 /* Build configuration list for PBXNativeTarget "Pet ReminderTests" */ = {
			isa = XCConfigurationList;
			buildConfigurations = (
				9D7C252E2A5948D300DDB027 /* Debug */,
				9D7C252F2A5948D300DDB027 /* Release */,
			);
			defaultConfigurationIsVisible = 0;
			defaultConfigurationName = Release;
		};
		9D8E76E9248666BD004610C8 /* Build configuration list for PBXProject "Pet Reminder" */ = {
			isa = XCConfigurationList;
			buildConfigurations = (
				9D8E7703248666C1004610C8 /* Debug */,
				9D8E7704248666C1004610C8 /* Release */,
			);
			defaultConfigurationIsVisible = 0;
			defaultConfigurationName = Release;
		};
		9D8E7705248666C1004610C8 /* Build configuration list for PBXNativeTarget "Pet Reminder" */ = {
			isa = XCConfigurationList;
			buildConfigurations = (
				9D8E7706248666C1004610C8 /* Debug */,
				9D8E7707248666C1004610C8 /* Release */,
			);
			defaultConfigurationIsVisible = 0;
			defaultConfigurationName = Release;
		};
/* End XCConfigurationList section */

/* Begin XCSwiftPackageProductDependency section */
		9D8A4EB02C42984700D6CB9B /* UI */ = {
			isa = XCSwiftPackageProductDependency;
			productName = UI;
		};
		9DE86E5E2C42A218003C5681 /* SharedModels */ = {
			isa = XCSwiftPackageProductDependency;
			productName = SharedModels;
		};
/* End XCSwiftPackageProductDependency section */
	};
	rootObject = 9D8E76E6248666BD004610C8 /* Project object */;
}
