{
  "originHash" : "bd4713fb7f0c7fdca9b3c7a5d3c690c72245a09cf27082a301abcc6684a2fda1",
  "pins" : [
    {
      "identity" : "sfsafesymbols",
      "kind" : "remoteSourceControl",
      "location" : "https://github.com/SFSafeSymbols/SFSafeSymbols.git",
      "state" : {
        "revision" : "3dd282d3269b061853a3b3bcd23a509d2aa166ce",
        "version" : "6.2.0"
      }
    }
  ],
  "version" : 3
}
